// !$*UTF8*$!
{
	archiveVersion = 1;
	classes = {
	};
	objectVersion = 56;
	objects = {

/* Begin PBXBuildFile section */
		DB1BA8492C0B17A30093E4BF /* AppDelegate.swift in Sources */ = {isa = PBXBuildFile; fileRef = DB1BA8482C0B17A30093E4BF /* AppDelegate.swift */; };
		DB1BA84B2C0B17A30093E4BF /* SceneDelegate.swift in Sources */ = {isa = PBXBuildFile; fileRef = DB1BA84A2C0B17A30093E4BF /* SceneDelegate.swift */; };
		DB1BA8502C0B17A30093E4BF /* Base in Resources */ = {isa = PBXBuildFile; fileRef = DB1BA84F2C0B17A30093E4BF /* Base */; };
		DB1BA8522C0B17A50093E4BF /* Assets.xcassets in Resources */ = {isa = PBXBuildFile; fileRef = DB1BA8512C0B17A50093E4BF /* Assets.xcassets */; };
		DB1BA8552C0B17A50093E4BF /* Base in Resources */ = {isa = PBXBuildFile; fileRef = DB1BA8542C0B17A50093E4BF /* Base */; };
		DB1BA85D2C0B18270093E4BF /* HomeController.swift in Sources */ = {isa = PBXBuildFile; fileRef = DB1BA85C2C0B18270093E4BF /* HomeController.swift */; };
		DB3720062C2C0D1100A50231 /* ZooInfoCell.swift in Sources */ = {isa = PBXBuildFile; fileRef = DB3720052C2C0D1100A50231 /* ZooInfoCell.swift */; };
		DB50458C2C331C91002088FF /* ZooAnimalsController.swift in Sources */ = {isa = PBXBuildFile; fileRef = DB50458B2C331C91002088FF /* ZooAnimalsController.swift */; };
		DB50458E2C331CDC002088FF /* ZooAnimalCell.swift in Sources */ = {isa = PBXBuildFile; fileRef = DB50458D2C331CDC002088FF /* ZooAnimalCell.swift */; };
		DB506B192C34856600F9C331 /* AnimalInfoController.swift in Sources */ = {isa = PBXBuildFile; fileRef = DB506B182C34856600F9C331 /* AnimalInfoController.swift */; };
		DB5AE40D2C19BFF900DD0286 /* ZooListData.json in Resources */ = {isa = PBXBuildFile; fileRef = DB5AE40C2C19BFF900DD0286 /* ZooListData.json */; };
		DB8DC8802C1D8E050009EAF8 /* ZooListModel.swift in Sources */ = {isa = PBXBuildFile; fileRef = DB8DC87F2C1D8E050009EAF8 /* ZooListModel.swift */; };
		DBB65C022C1365B000116013 /* InfoController.swift in Sources */ = {isa = PBXBuildFile; fileRef = DBB65C012C1365B000116013 /* InfoController.swift */; };
		DBED35232C258DB600F28350 /* ZooInfoController.swift in Sources */ = {isa = PBXBuildFile; fileRef = DBED35222C258DB600F28350 /* ZooInfoController.swift */; };
		DBF26BEB2C15E38E00BB198C /* ZooNameCell.swift in Sources */ = {isa = PBXBuildFile; fileRef = DBF26BEA2C15E38E00BB198C /* ZooNameCell.swift */; };
/* End PBXBuildFile section */

/* Begin PBXFileReference section */
		DB1BA8452C0B17A30093E4BF /* The Zoo.app */ = {isa = PBXFileReference; explicitFileType = wrapper.application; includeInIndex = 0; path = "The Zoo.app"; sourceTree = BUILT_PRODUCTS_DIR; };
		DB1BA8482C0B17A30093E4BF /* AppDelegate.swift */ = {isa = PBXFileReference; lastKnownFileType = sourcecode.swift; path = AppDelegate.swift; sourceTree = "<group>"; };
		DB1BA84A2C0B17A30093E4BF /* SceneDelegate.swift */ = {isa = PBXFileReference; lastKnownFileType = sourcecode.swift; path = SceneDelegate.swift; sourceTree = "<group>"; };
		DB1BA84F2C0B17A30093E4BF /* Base */ = {isa = PBXFileReference; lastKnownFileType = file.storyboard; name = Base; path = Base.lproj/Main.storyboard; sourceTree = "<group>"; };
		DB1BA8512C0B17A50093E4BF /* Assets.xcassets */ = {isa = PBXFileReference; lastKnownFileType = folder.assetcatalog; path = Assets.xcassets; sourceTree = "<group>"; };
		DB1BA8542C0B17A50093E4BF /* Base */ = {isa = PBXFileReference; lastKnownFileType = file.storyboard; name = Base; path = Base.lproj/LaunchScreen.storyboard; sourceTree = "<group>"; };
		DB1BA8562C0B17A50093E4BF /* Info.plist */ = {isa = PBXFileReference; lastKnownFileType = text.plist.xml; path = Info.plist; sourceTree = "<group>"; };
		DB1BA85C2C0B18270093E4BF /* HomeController.swift */ = {isa = PBXFileReference; lastKnownFileType = sourcecode.swift; path = HomeController.swift; sourceTree = "<group>"; };
		DB3720052C2C0D1100A50231 /* ZooInfoCell.swift */ = {isa = PBXFileReference; lastKnownFileType = sourcecode.swift; path = ZooInfoCell.swift; sourceTree = "<group>"; };
		DB50458B2C331C91002088FF /* ZooAnimalsController.swift */ = {isa = PBXFileReference; lastKnownFileType = sourcecode.swift; path = ZooAnimalsController.swift; sourceTree = "<group>"; };
		DB50458D2C331CDC002088FF /* ZooAnimalCell.swift */ = {isa = PBXFileReference; lastKnownFileType = sourcecode.swift; path = ZooAnimalCell.swift; sourceTree = "<group>"; };
		DB506B182C34856600F9C331 /* AnimalInfoController.swift */ = {isa = PBXFileReference; lastKnownFileType = sourcecode.swift; path = AnimalInfoController.swift; sourceTree = "<group>"; };
		DB5AE40C2C19BFF900DD0286 /* ZooListData.json */ = {isa = PBXFileReference; lastKnownFileType = text.json; path = ZooListData.json; sourceTree = "<group>"; };
		DB8DC87F2C1D8E050009EAF8 /* ZooListModel.swift */ = {isa = PBXFileReference; lastKnownFileType = sourcecode.swift; path = ZooListModel.swift; sourceTree = "<group>"; };
		DBB65C012C1365B000116013 /* InfoController.swift */ = {isa = PBXFileReference; lastKnownFileType = sourcecode.swift; path = InfoController.swift; sourceTree = "<group>"; };
		DBED35222C258DB600F28350 /* ZooInfoController.swift */ = {isa = PBXFileReference; lastKnownFileType = sourcecode.swift; path = ZooInfoController.swift; sourceTree = "<group>"; };
		DBF26BEA2C15E38E00BB198C /* ZooNameCell.swift */ = {isa = PBXFileReference; lastKnownFileType = sourcecode.swift; path = ZooNameCell.swift; sourceTree = "<group>"; };
/* End PBXFileReference section */

/* Begin PBXFrameworksBuildPhase section */
		DB1BA8422C0B17A30093E4BF /* Frameworks */ = {
			isa = PBXFrameworksBuildPhase;
			buildActionMask = 2147483647;
			files = (
			);
			runOnlyForDeploymentPostprocessing = 0;
		};
/* End PBXFrameworksBuildPhase section */

/* Begin PBXGroup section */
		DB1BA83C2C0B17A30093E4BF = {
			isa = PBXGroup;
			children = (
				DB1BA8472C0B17A30093E4BF /* The Zoo */,
				DB1BA8462C0B17A30093E4BF /* Products */,
			);
			sourceTree = "<group>";
		};
		DB1BA8462C0B17A30093E4BF /* Products */ = {
			isa = PBXGroup;
			children = (
				DB1BA8452C0B17A30093E4BF /* The Zoo.app */,
			);
			name = Products;
			sourceTree = "<group>";
		};
		DB1BA8472C0B17A30093E4BF /* The Zoo */ = {
			isa = PBXGroup;
			children = (
				DBA62DED2C241F01008F397D /* Model */,
				DBA62DEC2C241ECB008F397D /* Cell */,
				DB1BA85E2C0B182F0093E4BF /* Controllers */,
				DB1BA8482C0B17A30093E4BF /* AppDelegate.swift */,
				DB1BA84A2C0B17A30093E4BF /* SceneDelegate.swift */,
				DB1BA84E2C0B17A30093E4BF /* Main.storyboard */,
				DB1BA8512C0B17A50093E4BF /* Assets.xcassets */,
				DB1BA8532C0B17A50093E4BF /* LaunchScreen.storyboard */,
				DB1BA8562C0B17A50093E4BF /* Info.plist */,
				DB5AE40C2C19BFF900DD0286 /* ZooListData.json */,
			);
			path = "The Zoo";
			sourceTree = "<group>";
		};
		DB1BA85E2C0B182F0093E4BF /* Controllers */ = {
			isa = PBXGroup;
			children = (
				DB1BA85C2C0B18270093E4BF /* HomeController.swift */,
				DBB65C012C1365B000116013 /* InfoController.swift */,
				DBED35222C258DB600F28350 /* ZooInfoController.swift */,
				DB50458B2C331C91002088FF /* ZooAnimalsController.swift */,
				DB506B182C34856600F9C331 /* AnimalInfoController.swift */,
			);
			path = Controllers;
			sourceTree = "<group>";
		};
		DBA62DEC2C241ECB008F397D /* Cell */ = {
			isa = PBXGroup;
			children = (
				DBF26BEA2C15E38E00BB198C /* ZooNameCell.swift */,
				DB3720052C2C0D1100A50231 /* ZooInfoCell.swift */,
				DB50458D2C331CDC002088FF /* ZooAnimalCell.swift */,
			);
			path = Cell;
			sourceTree = "<group>";
		};
		DBA62DED2C241F01008F397D /* Model */ = {
			isa = PBXGroup;
			children = (
				DB8DC87F2C1D8E050009EAF8 /* ZooListModel.swift */,
			);
			path = Model;
			sourceTree = "<group>";
		};
/* End PBXGroup section */

/* Begin PBXNativeTarget section */
		DB1BA8442C0B17A30093E4BF /* The Zoo */ = {
			isa = PBXNativeTarget;
			buildConfigurationList = DB1BA8592C0B17A50093E4BF /* Build configuration list for PBXNativeTarget "The Zoo" */;
			buildPhases = (
				DB1BA8412C0B17A30093E4BF /* Sources */,
				DB1BA8422C0B17A30093E4BF /* Frameworks */,
				DB1BA8432C0B17A30093E4BF /* Resources */,
			);
			buildRules = (
			);
			dependencies = (
			);
			name = "The Zoo";
			packageProductDependencies = (
			);
			productName = "The Zoo";
			productReference = DB1BA8452C0B17A30093E4BF /* The Zoo.app */;
			productType = "com.apple.product-type.application";
		};
/* End PBXNativeTarget section */

/* Begin PBXProject section */
		DB1BA83D2C0B17A30093E4BF /* Project object */ = {
			isa = PBXProject;
			attributes = {
				BuildIndependentTargetsInParallel = 1;
				LastSwiftUpdateCheck = 1530;
				LastUpgradeCheck = 1530;
				TargetAttributes = {
					DB1BA8442C0B17A30093E4BF = {
						CreatedOnToolsVersion = 15.3;
					};
				};
			};
			buildConfigurationList = DB1BA8402C0B17A30093E4BF /* Build configuration list for PBXProject "The Zoo" */;
			compatibilityVersion = "Xcode 14.0";
			developmentRegion = en;
			hasScannedForEncodings = 0;
			knownRegions = (
				en,
				Base,
			);
			mainGroup = DB1BA83C2C0B17A30093E4BF;
			packageReferences = (
			);
			productRefGroup = DB1BA8462C0B17A30093E4BF /* Products */;
			projectDirPath = "";
			projectRoot = "";
			targets = (
				DB1BA8442C0B17A30093E4BF /* The Zoo */,
			);
		};
/* End PBXProject section */

/* Begin PBXResourcesBuildPhase section */
		DB1BA8432C0B17A30093E4BF /* Resources */ = {
			isa = PBXResourcesBuildPhase;
			buildActionMask = 2147483647;
			files = (
				DB1BA8522C0B17A50093E4BF /* Assets.xcassets in Resources */,
				DB1BA8552C0B17A50093E4BF /* Base in Resources */,
				DB5AE40D2C19BFF900DD0286 /* ZooListData.json in Resources */,
				DB1BA8502C0B17A30093E4BF /* Base in Resources */,
			);
			runOnlyForDeploymentPostprocessing = 0;
		};
/* End PBXResourcesBuildPhase section */

/* Begin PBXSourcesBuildPhase section */
		DB1BA8412C0B17A30093E4BF /* Sources */ = {
			isa = PBXSourcesBuildPhase;
			buildActionMask = 2147483647;
			files = (
				DB1BA8492C0B17A30093E4BF /* AppDelegate.swift in Sources */,
				DBED35232C258DB600F28350 /* ZooInfoController.swift in Sources */,
				DB50458E2C331CDC002088FF /* ZooAnimalCell.swift in Sources */,
				DB1BA84B2C0B17A30093E4BF /* SceneDelegate.swift in Sources */,
				DB50458C2C331C91002088FF /* ZooAnimalsController.swift in Sources */,
				DB8DC8802C1D8E050009EAF8 /* ZooListModel.swift in Sources */,
				DB1BA85D2C0B18270093E4BF /* HomeController.swift in Sources */,
				DB3720062C2C0D1100A50231 /* ZooInfoCell.swift in Sources */,
				DBB65C022C1365B000116013 /* InfoController.swift in Sources */,
				DBF26BEB2C15E38E00BB198C /* ZooNameCell.swift in Sources */,
				DB506B192C34856600F9C331 /* AnimalInfoController.swift in Sources */,
			);
			runOnlyForDeploymentPostprocessing = 0;
		};
/* End PBXSourcesBuildPhase section */

/* Begin PBXVariantGroup section */
		DB1BA84E2C0B17A30093E4BF /* Main.storyboard */ = {
			isa = PBXVariantGroup;
			children = (
				DB1BA84F2C0B17A30093E4BF /* Base */,
			);
			name = Main.storyboard;
			sourceTree = "<group>";
		};
		DB1BA8532C0B17A50093E4BF /* LaunchScreen.storyboard */ = {
			isa = PBXVariantGroup;
			children = (
				DB1BA8542C0B17A50093E4BF /* Base */,
			);
			name = LaunchScreen.storyboard;
			sourceTree = "<group>";
		};
/* End PBXVariantGroup section */

/* Begin XCBuildConfiguration section */
		DB1BA8572C0B17A50093E4BF /* Debug */ = {
			isa = XCBuildConfiguration;
			buildSettings = {
				ALWAYS_SEARCH_USER_PATHS = NO;
				ASSETCATALOG_COMPILER_GENERATE_SWIFT_ASSET_SYMBOL_EXTENSIONS = YES;
				CLANG_ANALYZER_NONNULL = YES;
				CLANG_ANALYZER_NUMBER_OBJECT_CONVERSION = YES_AGGRESSIVE;
				CLANG_CXX_LANGUAGE_STANDARD = "gnu++20";
				CLANG_ENABLE_MODULES = YES;
				CLANG_ENABLE_OBJC_ARC = YES;
				CLANG_ENABLE_OBJC_WEAK = YES;
				CLANG_WARN_BLOCK_CAPTURE_AUTORELEASING = YES;
				CLANG_WARN_BOOL_CONVERSION = YES;
				CLANG_WARN_COMMA = YES;
				CLANG_WARN_CONSTANT_CONVERSION = YES;
				CLANG_WARN_DEPRECATED_OBJC_IMPLEMENTATIONS = YES;
				CLANG_WARN_DIRECT_OBJC_ISA_USAGE = YES_ERROR;
				CLANG_WARN_DOCUMENTATION_COMMENTS = YES;
				CLANG_WARN_EMPTY_BODY = YES;
				CLANG_WARN_ENUM_CONVERSION = YES;
				CLANG_WARN_INFINITE_RECURSION = YES;
				CLANG_WARN_INT_CONVERSION = YES;
				CLANG_WARN_NON_LITERAL_NULL_CONVERSION = YES;
				CLANG_WARN_OBJC_IMPLICIT_RETAIN_SELF = YES;
				CLANG_WARN_OBJC_LITERAL_CONVERSION = YES;
				CLANG_WARN_OBJC_ROOT_CLASS = YES_ERROR;
				CLANG_WARN_QUOTED_INCLUDE_IN_FRAMEWORK_HEADER = YES;
				CLANG_WARN_RANGE_LOOP_ANALYSIS = YES;
				CLANG_WARN_STRICT_PROTOTYPES = YES;
				CLANG_WARN_SUSPICIOUS_MOVE = YES;
				CLANG_WARN_UNGUARDED_AVAILABILITY = YES_AGGRESSIVE;
				CLANG_WARN_UNREACHABLE_CODE = YES;
				CLANG_WARN__DUPLICATE_METHOD_MATCH = YES;
				COPY_PHASE_STRIP = NO;
				DEBUG_INFORMATION_FORMAT = dwarf;
				ENABLE_STRICT_OBJC_MSGSEND = YES;
				ENABLE_TESTABILITY = YES;
				ENABLE_USER_SCRIPT_SANDBOXING = YES;
				GCC_C_LANGUAGE_STANDARD = gnu17;
				GCC_DYNAMIC_NO_PIC = NO;
				GCC_NO_COMMON_BLOCKS = YES;
				GCC_OPTIMIZATION_LEVEL = 0;
				GCC_PREPROCESSOR_DEFINITIONS = (
					"DEBUG=1",
					"$(inherited)",
				);
				GCC_WARN_64_TO_32_BIT_CONVERSION = YES;
				GCC_WARN_ABOUT_RETURN_TYPE = YES_ERROR;
				GCC_WARN_UNDECLARED_SELECTOR = YES;
				GCC_WARN_UNINITIALIZED_AUTOS = YES_AGGRESSIVE;
				GCC_WARN_UNUSED_FUNCTION = YES;
				GCC_WARN_UNUSED_VARIABLE = YES;
				IPHONEOS_DEPLOYMENT_TARGET = 17.4;
				LOCALIZATION_PREFERS_STRING_CATALOGS = YES;
				MTL_ENABLE_DEBUG_INFO = INCLUDE_SOURCE;
				MTL_FAST_MATH = YES;
				ONLY_ACTIVE_ARCH = YES;
				SDKROOT = iphoneos;
				SWIFT_ACTIVE_COMPILATION_CONDITIONS = "DEBUG $(inherited)";
				SWIFT_OPTIMIZATION_LEVEL = "-Onone";
			};
			name = Debug;
		};
		DB1BA8582C0B17A50093E4BF /* Release */ = {
			isa = XCBuildConfiguration;
			buildSettings = {
				ALWAYS_SEARCH_USER_PATHS = NO;
				ASSETCATALOG_COMPILER_GENERATE_SWIFT_ASSET_SYMBOL_EXTENSIONS = YES;
				CLANG_ANALYZER_NONNULL = YES;
				CLANG_ANALYZER_NUMBER_OBJECT_CONVERSION = YES_AGGRESSIVE;
				CLANG_CXX_LANGUAGE_STANDARD = "gnu++20";
				CLANG_ENABLE_MODULES = YES;
				CLANG_ENABLE_OBJC_ARC = YES;
				CLANG_ENABLE_OBJC_WEAK = YES;
				CLANG_WARN_BLOCK_CAPTURE_AUTORELEASING = YES;
				CLANG_WARN_BOOL_CONVERSION = YES;
				CLANG_WARN_COMMA = YES;
				CLANG_WARN_CONSTANT_CONVERSION = YES;
				CLANG_WARN_DEPRECATED_OBJC_IMPLEMENTATIONS = YES;
				CLANG_WARN_DIRECT_OBJC_ISA_USAGE = YES_ERROR;
				CLANG_WARN_DOCUMENTATION_COMMENTS = YES;
				CLANG_WARN_EMPTY_BODY = YES;
				CLANG_WARN_ENUM_CONVERSION = YES;
				CLANG_WARN_INFINITE_RECURSION = YES;
				CLANG_WARN_INT_CONVERSION = YES;
				CLANG_WARN_NON_LITERAL_NULL_CONVERSION = YES;
				CLANG_WARN_OBJC_IMPLICIT_RETAIN_SELF = YES;
				CLANG_WARN_OBJC_LITERAL_CONVERSION = YES;
				CLANG_WARN_OBJC_ROOT_CLASS = YES_ERROR;
				CLANG_WARN_QUOTED_INCLUDE_IN_FRAMEWORK_HEADER = YES;
				CLANG_WARN_RANGE_LOOP_ANALYSIS = YES;
				CLANG_WARN_STRICT_PROTOTYPES = YES;
				CLANG_WARN_SUSPICIOUS_MOVE = YES;
				CLANG_WARN_UNGUARDED_AVAILABILITY = YES_AGGRESSIVE;
				CLANG_WARN_UNREACHABLE_CODE = YES;
				CLANG_WARN__DUPLICATE_METHOD_MATCH = YES;
				COPY_PHASE_STRIP = NO;
				DEBUG_INFORMATION_FORMAT = "dwarf-with-dsym";
				ENABLE_NS_ASSERTIONS = NO;
				ENABLE_STRICT_OBJC_MSGSEND = YES;
				ENABLE_USER_SCRIPT_SANDBOXING = YES;
				GCC_C_LANGUAGE_STANDARD = gnu17;
				GCC_NO_COMMON_BLOCKS = YES;
				GCC_WARN_64_TO_32_BIT_CONVERSION = YES;
				GCC_WARN_ABOUT_RETURN_TYPE = YES_ERROR;
				GCC_WARN_UNDECLARED_SELECTOR = YES;
				GCC_WARN_UNINITIALIZED_AUTOS = YES_AGGRESSIVE;
				GCC_WARN_UNUSED_FUNCTION = YES;
				GCC_WARN_UNUSED_VARIABLE = YES;
				IPHONEOS_DEPLOYMENT_TARGET = 17.4;
				LOCALIZATION_PREFERS_STRING_CATALOGS = YES;
				MTL_ENABLE_DEBUG_INFO = NO;
				MTL_FAST_MATH = YES;
				SDKROOT = iphoneos;
				SWIFT_COMPILATION_MODE = wholemodule;
				VALIDATE_PRODUCT = YES;
			};
			name = Release;
		};
		DB1BA85A2C0B17A50093E4BF /* Debug */ = {
			isa = XCBuildConfiguration;
			buildSettings = {
				ASSETCATALOG_COMPILER_APPICON_NAME = AppIcon;
				ASSETCATALOG_COMPILER_GLOBAL_ACCENT_COLOR_NAME = AccentColor;
				CODE_SIGN_STYLE = Automatic;
				CURRENT_PROJECT_VERSION = 1;
				DEVELOPMENT_TEAM = A25MRU9RC9;
				GENERATE_INFOPLIST_FILE = YES;
				INFOPLIST_FILE = "The Zoo/Info.plist";
				INFOPLIST_KEY_UIApplicationSupportsIndirectInputEvents = YES;
				INFOPLIST_KEY_UILaunchStoryboardName = LaunchScreen;
				INFOPLIST_KEY_UIMainStoryboardFile = Main;
				INFOPLIST_KEY_UISupportedInterfaceOrientations = UIInterfaceOrientationPortrait;
				INFOPLIST_KEY_UISupportedInterfaceOrientations_iPad = "UIInterfaceOrientationLandscapeLeft UIInterfaceOrientationLandscapeRight UIInterfaceOrientationPortrait UIInterfaceOrientationPortraitUpsideDown";
				IPHONEOS_DEPLOYMENT_TARGET = 15.0;
				LD_RUNPATH_SEARCH_PATHS = (
					"$(inherited)",
					"@executable_path/Frameworks",
				);
				MARKETING_VERSION = 1.0.1;
				PRODUCT_BUNDLE_IDENTIFIER = "com.ayazayazov.The-Zoo";
				PRODUCT_NAME = "$(TARGET_NAME)";
				SWIFT_EMIT_LOC_STRINGS = YES;
				SWIFT_VERSION = 5.0;
				TARGETED_DEVICE_FAMILY = "1,2";
			};
			name = Debug;
		};
		DB1BA85B2C0B17A50093E4BF /* Release */ = {
			isa = XCBuildConfiguration;
			buildSettings = {
				ASSETCATALOG_COMPILER_APPICON_NAME = AppIcon;
				ASSETCATALOG_COMPILER_GLOBAL_ACCENT_COLOR_NAME = AccentColor;
				CODE_SIGN_STYLE = Automatic;
				CURRENT_PROJECT_VERSION = 1;
				DEVELOPMENT_TEAM = A25MRU9RC9;
				GENERATE_INFOPLIST_FILE = YES;
				INFOPLIST_FILE = "The Zoo/Info.plist";
				INFOPLIST_KEY_UIApplicationSupportsIndirectInputEvents = YES;
				INFOPLIST_KEY_UILaunchStoryboardName = LaunchScreen;
				INFOPLIST_KEY_UIMainStoryboardFile = Main;
				INFOPLIST_KEY_UISupportedInterfaceOrientations = UIInterfaceOrientationPortrait;
				INFOPLIST_KEY_UISupportedInterfaceOrientations_iPad = "UIInterfaceOrientationLandscapeLeft UIInterfaceOrientationLandscapeRight UIInterfaceOrientationPortrait UIInterfaceOrientationPortraitUpsideDown";
				IPHONEOS_DEPLOYMENT_TARGET = 15.0;
				LD_RUNPATH_SEARCH_PATHS = (
					"$(inherited)",
					"@executable_path/Frameworks",
				);
				MARKETING_VERSION = 1.0.1;
				PRODUCT_BUNDLE_IDENTIFIER = "com.ayazayazov.The-Zoo";
				PRODUCT_NAME = "$(TARGET_NAME)";
				SWIFT_EMIT_LOC_STRINGS = YES;
				SWIFT_VERSION = 5.0;
				TARGETED_DEVICE_FAMILY = "1,2";
			};
			name = Release;
		};
/* End XCBuildConfiguration section */

/* Begin XCConfigurationList section */
		DB1BA8402C0B17A30093E4BF /* Build configuration list for PBXProject "The Zoo" */ = {
			isa = XCConfigurationList;
			buildConfigurations = (
				DB1BA8572C0B17A50093E4BF /* Debug */,
				DB1BA8582C0B17A50093E4BF /* Release */,
			);
			defaultConfigurationIsVisible = 0;
			defaultConfigurationName = Release;
		};
		DB1BA8592C0B17A50093E4BF /* Build configuration list for PBXNativeTarget "The Zoo" */ = {
			isa = XCConfigurationList;
			buildConfigurations = (
				DB1BA85A2C0B17A50093E4BF /* Debug */,
				DB1BA85B2C0B17A50093E4BF /* Release */,
			);
			defaultConfigurationIsVisible = 0;
			defaultConfigurationName = Release;
		};
/* End XCConfigurationList section */
	};
	rootObject = DB1BA83D2C0B17A30093E4BF /* Project object */;
}
